
Microsoft Visual Studio Solution File, Format Version 12.00
Project("{FAE04EC0-301F-11D3-BF4B-00C04F79EFBC}") = "ConsoleApp", "ConsoleApp\ConsoleApp.csproj", "{A1F17EC4-A28C-4D4E-BEE3-83B257095466}"
EndProject
Project("{FAE04EC0-301F-11D3-BF4B-00C04F79EFBC}") = "MenuSystem", "MenuSystem\MenuSystem.csproj", "{63D0AB6A-DB5B-4161-A3E5-B0C44BC3C39C}"
EndProject
Project("{2150E333-8FDC-42A3-9474-1A3956D46DE8}") = "SoulutionItems", "SoulutionItems", "{6E0A2E6E-6BA6-4465-A297-76B7B14A4C82}"
	ProjectSection(SolutionItems) = preProject
		Directory.Build.props = Directory.Build.props
	EndProjectSection
EndProject
Global
	GlobalSection(SolutionConfigurationPlatforms) = preSolution
		Debug|Any CPU = Debug|Any CPU
		Release|Any CPU = Release|Any CPU
	EndGlobalSection
	GlobalSection(ProjectConfigurationPlatforms) = postSolution
		{A1F17EC4-A28C-4D4E-BEE3-83B257095466}.Debug|Any CPU.ActiveCfg = Debug|Any CPU
		{A1F17EC4-A28C-4D4E-BEE3-83B257095466}.Debug|Any CPU.Build.0 = Debug|Any CPU
		{A1F17EC4-A28C-4D4E-BEE3-83B257095466}.Release|Any CPU.ActiveCfg = Release|Any CPU
		{A1F17EC4-A28C-4D4E-BEE3-83B257095466}.Release|Any CPU.Build.0 = Release|Any CPU
		{63D0AB6A-DB5B-4161-A3E5-B0C44BC3C39C}.Debug|Any CPU.ActiveCfg = Debug|Any CPU
		{63D0AB6A-DB5B-4161-A3E5-B0C44BC3C39C}.Debug|Any CPU.Build.0 = Debug|Any CPU
		{63D0AB6A-DB5B-4161-A3E5-B0C44BC3C39C}.Release|Any CPU.ActiveCfg = Release|Any CPU
		{63D0AB6A-DB5B-4161-A3E5-B0C44BC3C39C}.Release|Any CPU.Build.0 = Release|Any CPU
	EndGlobalSection
EndGlobal
